
Microsoft Visual Studio Solution File, Format Version 12.00
# Visual Studio Version 16
VisualStudioVersion = 16.0.28803.202
MinimumVisualStudioVersion = 10.0.40219.1
Project("{9A19103F-16F7-4668-BE54-9A1E7A4F7556}") = "DMTP.lib", "DMTP.lib\DMTP.lib.csproj", "{BDE1A845-7546-4638-98F4-11016C131797}"
EndProject
Project("{9A19103F-16F7-4668-BE54-9A1E7A4F7556}") = "DMTP.REST", "DMTP.REST\DMTP.REST.csproj", "{9718E253-C492-46AD-AC2E-1064BCEA177C}"
EndProject
Project("{9A19103F-16F7-4668-BE54-9A1E7A4F7556}") = "DMTP.Uploader", "DMTP.Uploader\DMTP.Uploader.csproj", "{2BEF483E-DEA9-4787-80F9-20D67048365F}"
EndProject
Project("{9A19103F-16F7-4668-BE54-9A1E7A4F7556}") = "DMTP.Worker", "DMTP.Worker\DMTP.Worker.csproj", "{99C8C282-0741-441F-A729-ABC3C737BF5A}"
EndProject
Project("{FAE04EC0-301F-11D3-BF4B-00C04F79EFBC}") = "DMTP.UnitTests", "DMTP.UnitTests\DMTP.UnitTests.csproj", "{FB0E0232-18B2-4980-94F2-9570AF34AF5D}"
EndProject
Global
	GlobalSection(SolutionConfigurationPlatforms) = preSolution
		Debug|Any CPU = Debug|Any CPU
		Release|Any CPU = Release|Any CPU
	EndGlobalSection
	GlobalSection(ProjectConfigurationPlatforms) = postSolution
		{BDE1A845-7546-4638-98F4-11016C131797}.Debug|Any CPU.ActiveCfg = Debug|Any CPU
		{BDE1A845-7546-4638-98F4-11016C131797}.Debug|Any CPU.Build.0 = Debug|Any CPU
		{BDE1A845-7546-4638-98F4-11016C131797}.Release|Any CPU.ActiveCfg = Release|Any CPU
		{BDE1A845-7546-4638-98F4-11016C131797}.Release|Any CPU.Build.0 = Release|Any CPU
		{9718E253-C492-46AD-AC2E-1064BCEA177C}.Debug|Any CPU.ActiveCfg = Debug|Any CPU
		{9718E253-C492-46AD-AC2E-1064BCEA177C}.Debug|Any CPU.Build.0 = Debug|Any CPU
		{9718E253-C492-46AD-AC2E-1064BCEA177C}.Release|Any CPU.ActiveCfg = Release|Any CPU
		{9718E253-C492-46AD-AC2E-1064BCEA177C}.Release|Any CPU.Build.0 = Release|Any CPU
		{2BEF483E-DEA9-4787-80F9-20D67048365F}.Debug|Any CPU.ActiveCfg = Debug|Any CPU
		{2BEF483E-DEA9-4787-80F9-20D67048365F}.Debug|Any CPU.Build.0 = Debug|Any CPU
		{2BEF483E-DEA9-4787-80F9-20D67048365F}.Release|Any CPU.ActiveCfg = Release|Any CPU
		{2BEF483E-DEA9-4787-80F9-20D67048365F}.Release|Any CPU.Build.0 = Release|Any CPU
		{99C8C282-0741-441F-A729-ABC3C737BF5A}.Debug|Any CPU.ActiveCfg = Debug|Any CPU
		{99C8C282-0741-441F-A729-ABC3C737BF5A}.Debug|Any CPU.Build.0 = Debug|Any CPU
		{99C8C282-0741-441F-A729-ABC3C737BF5A}.Release|Any CPU.ActiveCfg = Release|Any CPU
		{99C8C282-0741-441F-A729-ABC3C737BF5A}.Release|Any CPU.Build.0 = Release|Any CPU
		{FB0E0232-18B2-4980-94F2-9570AF34AF5D}.Debug|Any CPU.ActiveCfg = Debug|Any CPU
		{FB0E0232-18B2-4980-94F2-9570AF34AF5D}.Debug|Any CPU.Build.0 = Debug|Any CPU
		{FB0E0232-18B2-4980-94F2-9570AF34AF5D}.Release|Any CPU.ActiveCfg = Release|Any CPU
		{FB0E0232-18B2-4980-94F2-9570AF34AF5D}.Release|Any CPU.Build.0 = Release|Any CPU
	EndGlobalSection
	GlobalSection(SolutionProperties) = preSolution
		HideSolutionNode = FALSE
	EndGlobalSection
	GlobalSection(ExtensibilityGlobals) = postSolution
		SolutionGuid = {BB1D9CEA-7938-4468-9A23-49B6D5B0A325}
	EndGlobalSection
EndGlobal
